
Microsoft Visual Studio Solution File, Format Version 12.00
# Visual Studio Version 17
VisualStudioVersion = 17.0.31710.8
MinimumVisualStudioVersion = 10.0.40219.1
Project("{9A19103F-16F7-4668-BE54-9A1E7A4F7556}") = "WebApiAutoresV2", "WebApiAutoresV2\WebApiAutoresV2.csproj", "{C7534471-A2B7-488F-BFAB-1BB752E8750E}"
EndProject
Project("{FAE04EC0-301F-11D3-BF4B-00C04F79EFBC}") = "WebApiAutores.Test", "WebApiAutores.Test\WebApiAutores.Test.csproj", "{AC3C32F6-6114-45F1-B91B-44BD1530D94A}"
EndProject
Global
	GlobalSection(SolutionConfigurationPlatforms) = preSolution
		Debug|Any CPU = Debug|Any CPU
		Release|Any CPU = Release|Any CPU
	EndGlobalSection
	GlobalSection(ProjectConfigurationPlatforms) = postSolution
		{C7534471-A2B7-488F-BFAB-1BB752E8750E}.Debug|Any CPU.ActiveCfg = Debug|Any CPU
		{C7534471-A2B7-488F-BFAB-1BB752E8750E}.Debug|Any CPU.Build.0 = Debug|Any CPU
		{C7534471-A2B7-488F-BFAB-1BB752E8750E}.Release|Any CPU.ActiveCfg = Release|Any CPU
		{C7534471-A2B7-488F-BFAB-1BB752E8750E}.Release|Any CPU.Build.0 = Release|Any CPU
		{AC3C32F6-6114-45F1-B91B-44BD1530D94A}.Debug|Any CPU.ActiveCfg = Debug|Any CPU
		{AC3C32F6-6114-45F1-B91B-44BD1530D94A}.Debug|Any CPU.Build.0 = Debug|Any CPU
		{AC3C32F6-6114-45F1-B91B-44BD1530D94A}.Release|Any CPU.ActiveCfg = Release|Any CPU
		{AC3C32F6-6114-45F1-B91B-44BD1530D94A}.Release|Any CPU.Build.0 = Release|Any CPU
	EndGlobalSection
	GlobalSection(SolutionProperties) = preSolution
		HideSolutionNode = FALSE
	EndGlobalSection
	GlobalSection(ExtensibilityGlobals) = postSolution
		SolutionGuid = {92851D3C-7EAC-461A-9919-A20F40A24A38}
	EndGlobalSection
EndGlobal
